
Microsoft Visual Studio Solution File, Format Version 12.00
# Visual Studio Version 17
VisualStudioVersion = 17.7.34221.43
MinimumVisualStudioVersion = 10.0.40219.1
Project("{FAE04EC0-301F-11D3-BF4B-00C04F79EFBC}") = "TLCViewer", "TLCViewer.csproj", "{BB5C539D-00AE-46A3-9E3E-C765F13F9E0D}"
EndProject
Global
	GlobalSection(SolutionConfigurationPlatforms) = preSolution
		Debug|Any CPU = Debug|Any CPU
		Release|Any CPU = Release|Any CPU
	EndGlobalSection
	GlobalSection(ProjectConfigurationPlatforms) = postSolution
		{BB5C539D-00AE-46A3-9E3E-C765F13F9E0D}.Debug|Any CPU.ActiveCfg = Debug|Any CPU
		{BB5C539D-00AE-46A3-9E3E-C765F13F9E0D}.Debug|Any CPU.Build.0 = Debug|Any CPU
		{BB5C539D-00AE-46A3-9E3E-C765F13F9E0D}.Release|Any CPU.ActiveCfg = Release|Any CPU
		{BB5C539D-00AE-46A3-9E3E-C765F13F9E0D}.Release|Any CPU.Build.0 = Release|Any CPU
	EndGlobalSection
	GlobalSection(SolutionProperties) = preSolution
		HideSolutionNode = FALSE
	EndGlobalSection
	GlobalSection(ExtensibilityGlobals) = postSolution
		SolutionGuid = {C12B503A-0F9D-4729-BDE9-91318C57DDB5}
	EndGlobalSection
EndGlobal
